
Microsoft Visual Studio Solution File, Format Version 12.00
# Visual Studio Version 16
VisualStudioVersion = 16.0.31321.278
MinimumVisualStudioVersion = 10.0.40219.1
Project("{FAE04EC0-301F-11D3-BF4B-00C04F79EFBC}") = "WeatherApiTechTask", "WeatherApiTechTask\WeatherApiTechTask.csproj", "{340B8937-F108-4172-9C97-939492532E29}"
EndProject
Global
	GlobalSection(SolutionConfigurationPlatforms) = preSolution
		Debug|Any CPU = Debug|Any CPU
		Release|Any CPU = Release|Any CPU
	EndGlobalSection
	GlobalSection(ProjectConfigurationPlatforms) = postSolution
		{340B8937-F108-4172-9C97-939492532E29}.Debug|Any CPU.ActiveCfg = Debug|Any CPU
		{340B8937-F108-4172-9C97-939492532E29}.Debug|Any CPU.Build.0 = Debug|Any CPU
		{340B8937-F108-4172-9C97-939492532E29}.Release|Any CPU.ActiveCfg = Release|Any CPU
		{340B8937-F108-4172-9C97-939492532E29}.Release|Any CPU.Build.0 = Release|Any CPU
	EndGlobalSection
	GlobalSection(SolutionProperties) = preSolution
		HideSolutionNode = FALSE
	EndGlobalSection
	GlobalSection(ExtensibilityGlobals) = postSolution
		SolutionGuid = {E8969388-9180-42B0-A3F3-EA5E8EB74D76}
	EndGlobalSection
EndGlobal
